// !$*UTF8*$!
{
	archiveVersion = 1;
	classes = {
	};
	objectVersion = 46;
	objects = {

/* Begin PBXBuildFile section */
		2E51D8D718B64B2E009F7275 /* UIView+additions.m in Sources */ = {isa = PBXBuildFile; fileRef = 2E51D8D618B64B2E009F7275 /* UIView+additions.m */; };
		2E51D8DA18B64D98009F7275 /* MRALayerSlider.m in Sources */ = {isa = PBXBuildFile; fileRef = 2E51D8D918B64D98009F7275 /* MRALayerSlider.m */; };
		2E51D92D18B7BB77009F7275 /* Foundation.framework in Frameworks */ = {isa = PBXBuildFile; fileRef = 2EB5253318B647DE00411BF1 /* Foundation.framework */; };
		2E51D93218B7BB77009F7275 /* MRAUI.h in CopyFiles */ = {isa = PBXBuildFile; fileRef = 2E51D93118B7BB77009F7275 /* MRAUI.h */; };
		2E51D93418B7BB77009F7275 /* MRAUI.m in Sources */ = {isa = PBXBuildFile; fileRef = 2E51D93318B7BB77009F7275 /* MRAUI.m */; };
		2E51D93A18B7BB77009F7275 /* XCTest.framework in Frameworks */ = {isa = PBXBuildFile; fileRef = 2EB5255518B647DE00411BF1 /* XCTest.framework */; };
		2E51D93B18B7BB77009F7275 /* Foundation.framework in Frameworks */ = {isa = PBXBuildFile; fileRef = 2EB5253318B647DE00411BF1 /* Foundation.framework */; };
		2E51D93C18B7BB77009F7275 /* UIKit.framework in Frameworks */ = {isa = PBXBuildFile; fileRef = 2EB5253718B647DE00411BF1 /* UIKit.framework */; };
		2E51D93F18B7BB77009F7275 /* libMRAUI.a in Frameworks */ = {isa = PBXBuildFile; fileRef = 2E51D92C18B7BB77009F7275 /* libMRAUI.a */; };
		2E51D94518B7BB77009F7275 /* InfoPlist.strings in Resources */ = {isa = PBXBuildFile; fileRef = 2E51D94318B7BB77009F7275 /* InfoPlist.strings */; };
		2E51D94718B7BB77009F7275 /* MRAUITests.m in Sources */ = {isa = PBXBuildFile; fileRef = 2E51D94618B7BB77009F7275 /* MRAUITests.m */; };
		2E51D94E18B7BBBC009F7275 /* UIView+additions.m in Sources */ = {isa = PBXBuildFile; fileRef = 2E51D8D618B64B2E009F7275 /* UIView+additions.m */; };
		2E51D94F18B7BBBC009F7275 /* MRAResetButton.m in Sources */ = {isa = PBXBuildFile; fileRef = 2EB5257418B648CD00411BF1 /* MRAResetButton.m */; };
		2E51D95018B7BBBC009F7275 /* MRAViewSlider.m in Sources */ = {isa = PBXBuildFile; fileRef = 2EB5257618B648CD00411BF1 /* MRAViewSlider.m */; };
		2E51D95118B7BBBC009F7275 /* MRALayerSlider.m in Sources */ = {isa = PBXBuildFile; fileRef = 2E51D8D918B64D98009F7275 /* MRALayerSlider.m */; };
		2E51D95218B7BBBC009F7275 /* MRAFillButton.m in Sources */ = {isa = PBXBuildFile; fileRef = 2EB5257818B648CD00411BF1 /* MRAFillButton.m */; };
		2E51D95318B7BBBC009F7275 /* MRAIndicator.m in Sources */ = {isa = PBXBuildFile; fileRef = 2EB5257A18B648CD00411BF1 /* MRAIndicator.m */; };
		2E51D95418B7BBBC009F7275 /* AUIAccessibilityElement.m in Sources */ = {isa = PBXBuildFile; fileRef = 2EB5256D18B648C400411BF1 /* AUIAccessibilityElement.m */; };
		2E51D95518B7BBBC009F7275 /* ScaleValue.m in Sources */ = {isa = PBXBuildFile; fileRef = 2EB5256F18B648C400411BF1 /* ScaleValue.m */; };
		2EB5253418B647DE00411BF1 /* Foundation.framework in Frameworks */ = {isa = PBXBuildFile; fileRef = 2EB5253318B647DE00411BF1 /* Foundation.framework */; };
		2EB5253618B647DE00411BF1 /* CoreGraphics.framework in Frameworks */ = {isa = PBXBuildFile; fileRef = 2EB5253518B647DE00411BF1 /* CoreGraphics.framework */; };
		2EB5253818B647DE00411BF1 /* UIKit.framework in Frameworks */ = {isa = PBXBuildFile; fileRef = 2EB5253718B647DE00411BF1 /* UIKit.framework */; };
		2EB5253E18B647DE00411BF1 /* InfoPlist.strings in Resources */ = {isa = PBXBuildFile; fileRef = 2EB5253C18B647DE00411BF1 /* InfoPlist.strings */; };
		2EB5254018B647DE00411BF1 /* main.m in Sources */ = {isa = PBXBuildFile; fileRef = 2EB5253F18B647DE00411BF1 /* main.m */; };
		2EB5254418B647DE00411BF1 /* AppDelegate.m in Sources */ = {isa = PBXBuildFile; fileRef = 2EB5254318B647DE00411BF1 /* AppDelegate.m */; };
		2EB5254718B647DE00411BF1 /* Main_iPhone.storyboard in Resources */ = {isa = PBXBuildFile; fileRef = 2EB5254518B647DE00411BF1 /* Main_iPhone.storyboard */; };
		2EB5254A18B647DE00411BF1 /* Main_iPad.storyboard in Resources */ = {isa = PBXBuildFile; fileRef = 2EB5254818B647DE00411BF1 /* Main_iPad.storyboard */; };
		2EB5254D18B647DE00411BF1 /* ViewController.m in Sources */ = {isa = PBXBuildFile; fileRef = 2EB5254C18B647DE00411BF1 /* ViewController.m */; };
		2EB5254F18B647DE00411BF1 /* Images.xcassets in Resources */ = {isa = PBXBuildFile; fileRef = 2EB5254E18B647DE00411BF1 /* Images.xcassets */; };
		2EB5255618B647DE00411BF1 /* XCTest.framework in Frameworks */ = {isa = PBXBuildFile; fileRef = 2EB5255518B647DE00411BF1 /* XCTest.framework */; };
		2EB5255718B647DE00411BF1 /* Foundation.framework in Frameworks */ = {isa = PBXBuildFile; fileRef = 2EB5253318B647DE00411BF1 /* Foundation.framework */; };
		2EB5255818B647DE00411BF1 /* UIKit.framework in Frameworks */ = {isa = PBXBuildFile; fileRef = 2EB5253718B647DE00411BF1 /* UIKit.framework */; };
		2EB5256018B647DE00411BF1 /* InfoPlist.strings in Resources */ = {isa = PBXBuildFile; fileRef = 2EB5255E18B647DE00411BF1 /* InfoPlist.strings */; };
		2EB5256218B647DE00411BF1 /* MRA_UITests.m in Sources */ = {isa = PBXBuildFile; fileRef = 2EB5256118B647DE00411BF1 /* MRA_UITests.m */; };
		2EB5257018B648C400411BF1 /* AUIAccessibilityElement.m in Sources */ = {isa = PBXBuildFile; fileRef = 2EB5256D18B648C400411BF1 /* AUIAccessibilityElement.m */; };
		2EB5257118B648C400411BF1 /* ScaleValue.m in Sources */ = {isa = PBXBuildFile; fileRef = 2EB5256F18B648C400411BF1 /* ScaleValue.m */; };
		2EB5257B18B648CD00411BF1 /* MRAResetButton.m in Sources */ = {isa = PBXBuildFile; fileRef = 2EB5257418B648CD00411BF1 /* MRAResetButton.m */; };
		2EB5257C18B648CD00411BF1 /* MRAViewSlider.m in Sources */ = {isa = PBXBuildFile; fileRef = 2EB5257618B648CD00411BF1 /* MRAViewSlider.m */; };
		2EB5257D18B648CD00411BF1 /* MRAFillButton.m in Sources */ = {isa = PBXBuildFile; fileRef = 2EB5257818B648CD00411BF1 /* MRAFillButton.m */; };
		2EB5257E18B648CD00411BF1 /* MRAIndicator.m in Sources */ = {isa = PBXBuildFile; fileRef = 2EB5257A18B648CD00411BF1 /* MRAIndicator.m */; };
/* End PBXBuildFile section */

/* Begin PBXContainerItemProxy section */
		2E51D93D18B7BB77009F7275 /* PBXContainerItemProxy */ = {
			isa = PBXContainerItemProxy;
			containerPortal = 2EB5252818B647DE00411BF1 /* Project object */;
			proxyType = 1;
			remoteGlobalIDString = 2E51D92B18B7BB77009F7275;
			remoteInfo = MRAUI;
		};
		2EB5255918B647DE00411BF1 /* PBXContainerItemProxy */ = {
			isa = PBXContainerItemProxy;
			containerPortal = 2EB5252818B647DE00411BF1 /* Project object */;
			proxyType = 1;
			remoteGlobalIDString = 2EB5252F18B647DE00411BF1;
			remoteInfo = "MRA-UI";
		};
/* End PBXContainerItemProxy section */

/* Begin PBXCopyFilesBuildPhase section */
		2E51D92A18B7BB77009F7275 /* CopyFiles */ = {
			isa = PBXCopyFilesBuildPhase;
			buildActionMask = 2147483647;
			dstPath = "include/$(PRODUCT_NAME)";
			dstSubfolderSpec = 16;
			files = (
				2E51D93218B7BB77009F7275 /* MRAUI.h in CopyFiles */,
			);
			runOnlyForDeploymentPostprocessing = 0;
		};
/* End PBXCopyFilesBuildPhase section */

/* Begin PBXFileReference section */
		2E51D8D518B64B2E009F7275 /* UIView+additions.h */ = {isa = PBXFileReference; fileEncoding = 4; lastKnownFileType = sourcecode.c.h; path = "UIView+additions.h"; sourceTree = "<group>"; };
		2E51D8D618B64B2E009F7275 /* UIView+additions.m */ = {isa = PBXFileReference; fileEncoding = 4; lastKnownFileType = sourcecode.c.objc; path = "UIView+additions.m"; sourceTree = "<group>"; };
		2E51D8D818B64D98009F7275 /* MRALayerSlider.h */ = {isa = PBXFileReference; fileEncoding = 4; lastKnownFileType = sourcecode.c.h; path = MRALayerSlider.h; sourceTree = "<group>"; };
		2E51D8D918B64D98009F7275 /* MRALayerSlider.m */ = {isa = PBXFileReference; fileEncoding = 4; lastKnownFileType = sourcecode.c.objc; path = MRALayerSlider.m; sourceTree = "<group>"; };
		2E51D92C18B7BB77009F7275 /* libMRAUI.a */ = {isa = PBXFileReference; explicitFileType = archive.ar; includeInIndex = 0; path = libMRAUI.a; sourceTree = BUILT_PRODUCTS_DIR; };
		2E51D93018B7BB77009F7275 /* MRAUI-Prefix.pch */ = {isa = PBXFileReference; lastKnownFileType = sourcecode.c.h; path = "MRAUI-Prefix.pch"; sourceTree = "<group>"; };
		2E51D93118B7BB77009F7275 /* MRAUI.h */ = {isa = PBXFileReference; lastKnownFileType = sourcecode.c.h; path = MRAUI.h; sourceTree = "<group>"; };
		2E51D93318B7BB77009F7275 /* MRAUI.m */ = {isa = PBXFileReference; lastKnownFileType = sourcecode.c.objc; path = MRAUI.m; sourceTree = "<group>"; };
		2E51D93918B7BB77009F7275 /* MRAUITests.xctest */ = {isa = PBXFileReference; explicitFileType = wrapper.cfbundle; includeInIndex = 0; path = MRAUITests.xctest; sourceTree = BUILT_PRODUCTS_DIR; };
		2E51D94218B7BB77009F7275 /* MRAUITests-Info.plist */ = {isa = PBXFileReference; lastKnownFileType = text.plist.xml; path = "MRAUITests-Info.plist"; sourceTree = "<group>"; };
		2E51D94418B7BB77009F7275 /* en */ = {isa = PBXFileReference; lastKnownFileType = text.plist.strings; name = en; path = en.lproj/InfoPlist.strings; sourceTree = "<group>"; };
		2E51D94618B7BB77009F7275 /* MRAUITests.m */ = {isa = PBXFileReference; lastKnownFileType = sourcecode.c.objc; path = MRAUITests.m; sourceTree = "<group>"; };
		2EB5253018B647DE00411BF1 /* MRA-UI.app */ = {isa = PBXFileReference; explicitFileType = wrapper.application; includeInIndex = 0; path = "MRA-UI.app"; sourceTree = BUILT_PRODUCTS_DIR; };
		2EB5253318B647DE00411BF1 /* Foundation.framework */ = {isa = PBXFileReference; lastKnownFileType = wrapper.framework; name = Foundation.framework; path = System/Library/Frameworks/Foundation.framework; sourceTree = SDKROOT; };
		2EB5253518B647DE00411BF1 /* CoreGraphics.framework */ = {isa = PBXFileReference; lastKnownFileType = wrapper.framework; name = CoreGraphics.framework; path = System/Library/Frameworks/CoreGraphics.framework; sourceTree = SDKROOT; };
		2EB5253718B647DE00411BF1 /* UIKit.framework */ = {isa = PBXFileReference; lastKnownFileType = wrapper.framework; name = UIKit.framework; path = System/Library/Frameworks/UIKit.framework; sourceTree = SDKROOT; };
		2EB5253B18B647DE00411BF1 /* MRA-UI-Info.plist */ = {isa = PBXFileReference; lastKnownFileType = text.plist.xml; path = "MRA-UI-Info.plist"; sourceTree = "<group>"; };
		2EB5253D18B647DE00411BF1 /* en */ = {isa = PBXFileReference; lastKnownFileType = text.plist.strings; name = en; path = en.lproj/InfoPlist.strings; sourceTree = "<group>"; };
		2EB5253F18B647DE00411BF1 /* main.m */ = {isa = PBXFileReference; lastKnownFileType = sourcecode.c.objc; path = main.m; sourceTree = "<group>"; };
		2EB5254118B647DE00411BF1 /* MRA-UI-Prefix.pch */ = {isa = PBXFileReference; lastKnownFileType = sourcecode.c.h; path = "MRA-UI-Prefix.pch"; sourceTree = "<group>"; };
		2EB5254218B647DE00411BF1 /* AppDelegate.h */ = {isa = PBXFileReference; lastKnownFileType = sourcecode.c.h; path = AppDelegate.h; sourceTree = "<group>"; };
		2EB5254318B647DE00411BF1 /* AppDelegate.m */ = {isa = PBXFileReference; lastKnownFileType = sourcecode.c.objc; path = AppDelegate.m; sourceTree = "<group>"; };
		2EB5254618B647DE00411BF1 /* Base */ = {isa = PBXFileReference; lastKnownFileType = file.storyboard; name = Base; path = Base.lproj/Main_iPhone.storyboard; sourceTree = "<group>"; };
		2EB5254918B647DE00411BF1 /* Base */ = {isa = PBXFileReference; lastKnownFileType = file.storyboard; name = Base; path = Base.lproj/Main_iPad.storyboard; sourceTree = "<group>"; };
		2EB5254B18B647DE00411BF1 /* ViewController.h */ = {isa = PBXFileReference; lastKnownFileType = sourcecode.c.h; path = ViewController.h; sourceTree = "<group>"; };
		2EB5254C18B647DE00411BF1 /* ViewController.m */ = {isa = PBXFileReference; lastKnownFileType = sourcecode.c.objc; path = ViewController.m; sourceTree = "<group>"; };
		2EB5254E18B647DE00411BF1 /* Images.xcassets */ = {isa = PBXFileReference; lastKnownFileType = folder.assetcatalog; path = Images.xcassets; sourceTree = "<group>"; };
		2EB5255418B647DE00411BF1 /* MRA-UITests.xctest */ = {isa = PBXFileReference; explicitFileType = wrapper.cfbundle; includeInIndex = 0; path = "MRA-UITests.xctest"; sourceTree = BUILT_PRODUCTS_DIR; };
		2EB5255518B647DE00411BF1 /* XCTest.framework */ = {isa = PBXFileReference; lastKnownFileType = wrapper.framework; name = XCTest.framework; path = Library/Frameworks/XCTest.framework; sourceTree = DEVELOPER_DIR; };
		2EB5255D18B647DE00411BF1 /* MRA-UITests-Info.plist */ = {isa = PBXFileReference; lastKnownFileType = text.plist.xml; path = "MRA-UITests-Info.plist"; sourceTree = "<group>"; };
		2EB5255F18B647DE00411BF1 /* en */ = {isa = PBXFileReference; lastKnownFileType = text.plist.strings; name = en; path = en.lproj/InfoPlist.strings; sourceTree = "<group>"; };
		2EB5256118B647DE00411BF1 /* MRA_UITests.m */ = {isa = PBXFileReference; lastKnownFileType = sourcecode.c.objc; path = MRA_UITests.m; sourceTree = "<group>"; };
		2EB5256C18B648C400411BF1 /* AUIAccessibilityElement.h */ = {isa = PBXFileReference; fileEncoding = 4; lastKnownFileType = sourcecode.c.h; path = AUIAccessibilityElement.h; sourceTree = "<group>"; };
		2EB5256D18B648C400411BF1 /* AUIAccessibilityElement.m */ = {isa = PBXFileReference; fileEncoding = 4; lastKnownFileType = sourcecode.c.objc; path = AUIAccessibilityElement.m; sourceTree = "<group>"; };
		2EB5256E18B648C400411BF1 /* ScaleValue.h */ = {isa = PBXFileReference; fileEncoding = 4; lastKnownFileType = sourcecode.c.h; path = ScaleValue.h; sourceTree = "<group>"; };
		2EB5256F18B648C400411BF1 /* ScaleValue.m */ = {isa = PBXFileReference; fileEncoding = 4; lastKnownFileType = sourcecode.c.objc; path = ScaleValue.m; sourceTree = "<group>"; };
		2EB5257318B648CD00411BF1 /* MRAResetButton.h */ = {isa = PBXFileReference; fileEncoding = 4; lastKnownFileType = sourcecode.c.h; path = MRAResetButton.h; sourceTree = "<group>"; };
		2EB5257418B648CD00411BF1 /* MRAResetButton.m */ = {isa = PBXFileReference; fileEncoding = 4; lastKnownFileType = sourcecode.c.objc; path = MRAResetButton.m; sourceTree = "<group>"; };
		2EB5257518B648CD00411BF1 /* MRAViewSlider.h */ = {isa = PBXFileReference; fileEncoding = 4; lastKnownFileType = sourcecode.c.h; path = MRAViewSlider.h; sourceTree = "<group>"; };
		2EB5257618B648CD00411BF1 /* MRAViewSlider.m */ = {isa = PBXFileReference; fileEncoding = 4; lastKnownFileType = sourcecode.c.objc; path = MRAViewSlider.m; sourceTree = "<group>"; };
		2EB5257718B648CD00411BF1 /* MRAFillButton.h */ = {isa = PBXFileReference; fileEncoding = 4; lastKnownFileType = sourcecode.c.h; path = MRAFillButton.h; sourceTree = "<group>"; };
		2EB5257818B648CD00411BF1 /* MRAFillButton.m */ = {isa = PBXFileReference; fileEncoding = 4; lastKnownFileType = sourcecode.c.objc; path = MRAFillButton.m; sourceTree = "<group>"; };
		2EB5257918B648CD00411BF1 /* MRAIndicator.h */ = {isa = PBXFileReference; fileEncoding = 4; lastKnownFileType = sourcecode.c.h; path = MRAIndicator.h; sourceTree = "<group>"; };
		2EB5257A18B648CD00411BF1 /* MRAIndicator.m */ = {isa = PBXFileReference; fileEncoding = 4; lastKnownFileType = sourcecode.c.objc; path = MRAIndicator.m; sourceTree = "<group>"; };
/* End PBXFileReference section */

/* Begin PBXFrameworksBuildPhase section */
		2E51D92918B7BB77009F7275 /* Frameworks */ = {
			isa = PBXFrameworksBuildPhase;
			buildActionMask = 2147483647;
			files = (
				2E51D92D18B7BB77009F7275 /* Foundation.framework in Frameworks */,
			);
			runOnlyForDeploymentPostprocessing = 0;
		};
		2E51D93618B7BB77009F7275 /* Frameworks */ = {
			isa = PBXFrameworksBuildPhase;
			buildActionMask = 2147483647;
			files = (
				2E51D93A18B7BB77009F7275 /* XCTest.framework in Frameworks */,
				2E51D93C18B7BB77009F7275 /* UIKit.framework in Frameworks */,
				2E51D93F18B7BB77009F7275 /* libMRAUI.a in Frameworks */,
				2E51D93B18B7BB77009F7275 /* Foundation.framework in Frameworks */,
			);
			runOnlyForDeploymentPostprocessing = 0;
		};
		2EB5252D18B647DE00411BF1 /* Frameworks */ = {
			isa = PBXFrameworksBuildPhase;
			buildActionMask = 2147483647;
			files = (
				2EB5253618B647DE00411BF1 /* CoreGraphics.framework in Frameworks */,
				2EB5253818B647DE00411BF1 /* UIKit.framework in Frameworks */,
				2EB5253418B647DE00411BF1 /* Foundation.framework in Frameworks */,
			);
			runOnlyForDeploymentPostprocessing = 0;
		};
		2EB5255118B647DE00411BF1 /* Frameworks */ = {
			isa = PBXFrameworksBuildPhase;
			buildActionMask = 2147483647;
			files = (
				2EB5255618B647DE00411BF1 /* XCTest.framework in Frameworks */,
				2EB5255818B647DE00411BF1 /* UIKit.framework in Frameworks */,
				2EB5255718B647DE00411BF1 /* Foundation.framework in Frameworks */,
			);
			runOnlyForDeploymentPostprocessing = 0;
		};
/* End PBXFrameworksBuildPhase section */

/* Begin PBXGroup section */
		2E51D8D418B64B2E009F7275 /* Categories */ = {
			isa = PBXGroup;
			children = (
				2E51D8D518B64B2E009F7275 /* UIView+additions.h */,
				2E51D8D618B64B2E009F7275 /* UIView+additions.m */,
			);
			path = Categories;
			sourceTree = "<group>";
		};
		2E51D92E18B7BB77009F7275 /* MRAUI */ = {
			isa = PBXGroup;
			children = (
				2E51D93118B7BB77009F7275 /* MRAUI.h */,
				2E51D93318B7BB77009F7275 /* MRAUI.m */,
				2E51D92F18B7BB77009F7275 /* Supporting Files */,
			);
			path = MRAUI;
			sourceTree = "<group>";
		};
		2E51D92F18B7BB77009F7275 /* Supporting Files */ = {
			isa = PBXGroup;
			children = (
				2E51D93018B7BB77009F7275 /* MRAUI-Prefix.pch */,
			);
			name = "Supporting Files";
			sourceTree = "<group>";
		};
		2E51D94018B7BB77009F7275 /* MRAUITests */ = {
			isa = PBXGroup;
			children = (
				2E51D94618B7BB77009F7275 /* MRAUITests.m */,
				2E51D94118B7BB77009F7275 /* Supporting Files */,
			);
			path = MRAUITests;
			sourceTree = "<group>";
		};
		2E51D94118B7BB77009F7275 /* Supporting Files */ = {
			isa = PBXGroup;
			children = (
				2E51D94218B7BB77009F7275 /* MRAUITests-Info.plist */,
				2E51D94318B7BB77009F7275 /* InfoPlist.strings */,
			);
			name = "Supporting Files";
			sourceTree = "<group>";
		};
		2EB5252718B647DE00411BF1 = {
			isa = PBXGroup;
			children = (
				2EB5253918B647DE00411BF1 /* MRA-UI */,
				2EB5255B18B647DE00411BF1 /* MRA-UITests */,
				2E51D92E18B7BB77009F7275 /* MRAUI */,
				2E51D94018B7BB77009F7275 /* MRAUITests */,
				2EB5253218B647DE00411BF1 /* Frameworks */,
				2EB5253118B647DE00411BF1 /* Products */,
			);
			sourceTree = "<group>";
		};
		2EB5253118B647DE00411BF1 /* Products */ = {
			isa = PBXGroup;
			children = (
				2EB5253018B647DE00411BF1 /* MRA-UI.app */,
				2EB5255418B647DE00411BF1 /* MRA-UITests.xctest */,
				2E51D92C18B7BB77009F7275 /* libMRAUI.a */,
				2E51D93918B7BB77009F7275 /* MRAUITests.xctest */,
			);
			name = Products;
			sourceTree = "<group>";
		};
		2EB5253218B647DE00411BF1 /* Frameworks */ = {
			isa = PBXGroup;
			children = (
				2EB5253318B647DE00411BF1 /* Foundation.framework */,
				2EB5253518B647DE00411BF1 /* CoreGraphics.framework */,
				2EB5253718B647DE00411BF1 /* UIKit.framework */,
				2EB5255518B647DE00411BF1 /* XCTest.framework */,
			);
			name = Frameworks;
			sourceTree = "<group>";
		};
		2EB5253918B647DE00411BF1 /* MRA-UI */ = {
			isa = PBXGroup;
			children = (
				2E51D8D418B64B2E009F7275 /* Categories */,
				2EB5257218B648CD00411BF1 /* UI */,
				2EB5256B18B648C400411BF1 /* Utilities */,
				2EB5254218B647DE00411BF1 /* AppDelegate.h */,
				2EB5254318B647DE00411BF1 /* AppDelegate.m */,
				2EB5254518B647DE00411BF1 /* Main_iPhone.storyboard */,
				2EB5254818B647DE00411BF1 /* Main_iPad.storyboard */,
				2EB5254B18B647DE00411BF1 /* ViewController.h */,
				2EB5254C18B647DE00411BF1 /* ViewController.m */,
				2EB5254E18B647DE00411BF1 /* Images.xcassets */,
				2EB5253A18B647DE00411BF1 /* Supporting Files */,
			);
			path = "MRA-UI";
			sourceTree = "<group>";
		};
		2EB5253A18B647DE00411BF1 /* Supporting Files */ = {
			isa = PBXGroup;
			children = (
				2EB5253B18B647DE00411BF1 /* MRA-UI-Info.plist */,
				2EB5253C18B647DE00411BF1 /* InfoPlist.strings */,
				2EB5253F18B647DE00411BF1 /* main.m */,
				2EB5254118B647DE00411BF1 /* MRA-UI-Prefix.pch */,
			);
			name = "Supporting Files";
			sourceTree = "<group>";
		};
		2EB5255B18B647DE00411BF1 /* MRA-UITests */ = {
			isa = PBXGroup;
			children = (
				2EB5256118B647DE00411BF1 /* MRA_UITests.m */,
				2EB5255C18B647DE00411BF1 /* Supporting Files */,
			);
			path = "MRA-UITests";
			sourceTree = "<group>";
		};
		2EB5255C18B647DE00411BF1 /* Supporting Files */ = {
			isa = PBXGroup;
			children = (
				2EB5255D18B647DE00411BF1 /* MRA-UITests-Info.plist */,
				2EB5255E18B647DE00411BF1 /* InfoPlist.strings */,
			);
			name = "Supporting Files";
			sourceTree = "<group>";
		};
		2EB5256B18B648C400411BF1 /* Utilities */ = {
			isa = PBXGroup;
			children = (
				2EB5256C18B648C400411BF1 /* AUIAccessibilityElement.h */,
				2EB5256D18B648C400411BF1 /* AUIAccessibilityElement.m */,
				2EB5256E18B648C400411BF1 /* ScaleValue.h */,
				2EB5256F18B648C400411BF1 /* ScaleValue.m */,
			);
			path = Utilities;
			sourceTree = "<group>";
		};
		2EB5257218B648CD00411BF1 /* UI */ = {
			isa = PBXGroup;
			children = (
				2EB5257318B648CD00411BF1 /* MRAResetButton.h */,
				2EB5257418B648CD00411BF1 /* MRAResetButton.m */,
				2EB5257518B648CD00411BF1 /* MRAViewSlider.h */,
				2EB5257618B648CD00411BF1 /* MRAViewSlider.m */,
				2E51D8D818B64D98009F7275 /* MRALayerSlider.h */,
				2E51D8D918B64D98009F7275 /* MRALayerSlider.m */,
				2EB5257718B648CD00411BF1 /* MRAFillButton.h */,
				2EB5257818B648CD00411BF1 /* MRAFillButton.m */,
				2EB5257918B648CD00411BF1 /* MRAIndicator.h */,
				2EB5257A18B648CD00411BF1 /* MRAIndicator.m */,
			);
			path = UI;
			sourceTree = "<group>";
		};
/* End PBXGroup section */

/* Begin PBXNativeTarget section */
		2E51D92B18B7BB77009F7275 /* MRAUI */ = {
			isa = PBXNativeTarget;
			buildConfigurationList = 2E51D94C18B7BB78009F7275 /* Build configuration list for PBXNativeTarget "MRAUI" */;
			buildPhases = (
				2E51D92818B7BB77009F7275 /* Sources */,
				2E51D92918B7BB77009F7275 /* Frameworks */,
				2E51D92A18B7BB77009F7275 /* CopyFiles */,
			);
			buildRules = (
			);
			dependencies = (
			);
			name = MRAUI;
			productName = MRAUI;
			productReference = 2E51D92C18B7BB77009F7275 /* libMRAUI.a */;
			productType = "com.apple.product-type.library.static";
		};
		2E51D93818B7BB77009F7275 /* MRAUITests */ = {
			isa = PBXNativeTarget;
			buildConfigurationList = 2E51D94D18B7BB78009F7275 /* Build configuration list for PBXNativeTarget "MRAUITests" */;
			buildPhases = (
				2E51D93518B7BB77009F7275 /* Sources */,
				2E51D93618B7BB77009F7275 /* Frameworks */,
				2E51D93718B7BB77009F7275 /* Resources */,
			);
			buildRules = (
			);
			dependencies = (
				2E51D93E18B7BB77009F7275 /* PBXTargetDependency */,
			);
			name = MRAUITests;
			productName = MRAUITests;
			productReference = 2E51D93918B7BB77009F7275 /* MRAUITests.xctest */;
			productType = "com.apple.product-type.bundle.unit-test";
		};
		2EB5252F18B647DE00411BF1 /* MRA-UI */ = {
			isa = PBXNativeTarget;
			buildConfigurationList = 2EB5256518B647DE00411BF1 /* Build configuration list for PBXNativeTarget "MRA-UI" */;
			buildPhases = (
				2EB5252C18B647DE00411BF1 /* Sources */,
				2EB5252D18B647DE00411BF1 /* Frameworks */,
				2EB5252E18B647DE00411BF1 /* Resources */,
			);
			buildRules = (
			);
			dependencies = (
			);
			name = "MRA-UI";
			productName = "MRA-UI";
			productReference = 2EB5253018B647DE00411BF1 /* MRA-UI.app */;
			productType = "com.apple.product-type.application";
		};
		2EB5255318B647DE00411BF1 /* MRA-UITests */ = {
			isa = PBXNativeTarget;
			buildConfigurationList = 2EB5256818B647DE00411BF1 /* Build configuration list for PBXNativeTarget "MRA-UITests" */;
			buildPhases = (
				2EB5255018B647DE00411BF1 /* Sources */,
				2EB5255118B647DE00411BF1 /* Frameworks */,
				2EB5255218B647DE00411BF1 /* Resources */,
			);
			buildRules = (
			);
			dependencies = (
				2EB5255A18B647DE00411BF1 /* PBXTargetDependency */,
			);
			name = "MRA-UITests";
			productName = "MRA-UITests";
			productReference = 2EB5255418B647DE00411BF1 /* MRA-UITests.xctest */;
			productType = "com.apple.product-type.bundle.unit-test";
		};
/* End PBXNativeTarget section */

/* Begin PBXProject section */
		2EB5252818B647DE00411BF1 /* Project object */ = {
			isa = PBXProject;
			attributes = {
				LastUpgradeCheck = 0500;
				ORGANIZATIONNAME = dnbapp;
				TargetAttributes = {
					2E51D93818B7BB77009F7275 = {
						TestTargetID = 2EB5252F18B647DE00411BF1;
					};
					2EB5255318B647DE00411BF1 = {
						TestTargetID = 2EB5252F18B647DE00411BF1;
					};
				};
			};
			buildConfigurationList = 2EB5252B18B647DE00411BF1 /* Build configuration list for PBXProject "MRA-UI" */;
			compatibilityVersion = "Xcode 3.2";
			developmentRegion = English;
			hasScannedForEncodings = 0;
			knownRegions = (
				en,
				Base,
			);
			mainGroup = 2EB5252718B647DE00411BF1;
			productRefGroup = 2EB5253118B647DE00411BF1 /* Products */;
			projectDirPath = "";
			projectRoot = "";
			targets = (
				2EB5252F18B647DE00411BF1 /* MRA-UI */,
				2EB5255318B647DE00411BF1 /* MRA-UITests */,
				2E51D92B18B7BB77009F7275 /* MRAUI */,
				2E51D93818B7BB77009F7275 /* MRAUITests */,
			);
		};
/* End PBXProject section */

/* Begin PBXResourcesBuildPhase section */
		2E51D93718B7BB77009F7275 /* Resources */ = {
			isa = PBXResourcesBuildPhase;
			buildActionMask = 2147483647;
			files = (
				2E51D94518B7BB77009F7275 /* InfoPlist.strings in Resources */,
			);
			runOnlyForDeploymentPostprocessing = 0;
		};
		2EB5252E18B647DE00411BF1 /* Resources */ = {
			isa = PBXResourcesBuildPhase;
			buildActionMask = 2147483647;
			files = (
				2EB5254A18B647DE00411BF1 /* Main_iPad.storyboard in Resources */,
				2EB5254F18B647DE00411BF1 /* Images.xcassets in Resources */,
				2EB5254718B647DE00411BF1 /* Main_iPhone.storyboard in Resources */,
				2EB5253E18B647DE00411BF1 /* InfoPlist.strings in Resources */,
			);
			runOnlyForDeploymentPostprocessing = 0;
		};
		2EB5255218B647DE00411BF1 /* Resources */ = {
			isa = PBXResourcesBuildPhase;
			buildActionMask = 2147483647;
			files = (
				2EB5256018B647DE00411BF1 /* InfoPlist.strings in Resources */,
			);
			runOnlyForDeploymentPostprocessing = 0;
		};
/* End PBXResourcesBuildPhase section */

/* Begin PBXSourcesBuildPhase section */
		2E51D92818B7BB77009F7275 /* Sources */ = {
			isa = PBXSourcesBuildPhase;
			buildActionMask = 2147483647;
			files = (
				2E51D94E18B7BBBC009F7275 /* UIView+additions.m in Sources */,
				2E51D94F18B7BBBC009F7275 /* MRAResetButton.m in Sources */,
				2E51D95018B7BBBC009F7275 /* MRAViewSlider.m in Sources */,
				2E51D95118B7BBBC009F7275 /* MRALayerSlider.m in Sources */,
				2E51D95218B7BBBC009F7275 /* MRAFillButton.m in Sources */,
				2E51D95318B7BBBC009F7275 /* MRAIndicator.m in Sources */,
				2E51D95418B7BBBC009F7275 /* AUIAccessibilityElement.m in Sources */,
				2E51D95518B7BBBC009F7275 /* ScaleValue.m in Sources */,
				2E51D93418B7BB77009F7275 /* MRAUI.m in Sources */,
			);
			runOnlyForDeploymentPostprocessing = 0;
		};
		2E51D93518B7BB77009F7275 /* Sources */ = {
			isa = PBXSourcesBuildPhase;
			buildActionMask = 2147483647;
			files = (
				2E51D94718B7BB77009F7275 /* MRAUITests.m in Sources */,
			);
			runOnlyForDeploymentPostprocessing = 0;
		};
		2EB5252C18B647DE00411BF1 /* Sources */ = {
			isa = PBXSourcesBuildPhase;
			buildActionMask = 2147483647;
			files = (
				2EB5254D18B647DE00411BF1 /* ViewController.m in Sources */,
				2EB5257018B648C400411BF1 /* AUIAccessibilityElement.m in Sources */,
				2E51D8D718B64B2E009F7275 /* UIView+additions.m in Sources */,
				2EB5257D18B648CD00411BF1 /* MRAFillButton.m in Sources */,
				2EB5257118B648C400411BF1 /* ScaleValue.m in Sources */,
				2EB5257E18B648CD00411BF1 /* MRAIndicator.m in Sources */,
				2EB5257B18B648CD00411BF1 /* MRAResetButton.m in Sources */,
				2E51D8DA18B64D98009F7275 /* MRALayerSlider.m in Sources */,
				2EB5254418B647DE00411BF1 /* AppDelegate.m in Sources */,
				2EB5257C18B648CD00411BF1 /* MRAViewSlider.m in Sources */,
				2EB5254018B647DE00411BF1 /* main.m in Sources */,
			);
			runOnlyForDeploymentPostprocessing = 0;
		};
		2EB5255018B647DE00411BF1 /* Sources */ = {
			isa = PBXSourcesBuildPhase;
			buildActionMask = 2147483647;
			files = (
				2EB5256218B647DE00411BF1 /* MRA_UITests.m in Sources */,
			);
			runOnlyForDeploymentPostprocessing = 0;
		};
/* End PBXSourcesBuildPhase section */

/* Begin PBXTargetDependency section */
		2E51D93E18B7BB77009F7275 /* PBXTargetDependency */ = {
			isa = PBXTargetDependency;
			target = 2E51D92B18B7BB77009F7275 /* MRAUI */;
			targetProxy = 2E51D93D18B7BB77009F7275 /* PBXContainerItemProxy */;
		};
		2EB5255A18B647DE00411BF1 /* PBXTargetDependency */ = {
			isa = PBXTargetDependency;
			target = 2EB5252F18B647DE00411BF1 /* MRA-UI */;
			targetProxy = 2EB5255918B647DE00411BF1 /* PBXContainerItemProxy */;
		};
/* End PBXTargetDependency section */

/* Begin PBXVariantGroup section */
		2E51D94318B7BB77009F7275 /* InfoPlist.strings */ = {
			isa = PBXVariantGroup;
			children = (
				2E51D94418B7BB77009F7275 /* en */,
			);
			name = InfoPlist.strings;
			sourceTree = "<group>";
		};
		2EB5253C18B647DE00411BF1 /* InfoPlist.strings */ = {
			isa = PBXVariantGroup;
			children = (
				2EB5253D18B647DE00411BF1 /* en */,
			);
			name = InfoPlist.strings;
			sourceTree = "<group>";
		};
		2EB5254518B647DE00411BF1 /* Main_iPhone.storyboard */ = {
			isa = PBXVariantGroup;
			children = (
				2EB5254618B647DE00411BF1 /* Base */,
			);
			name = Main_iPhone.storyboard;
			sourceTree = "<group>";
		};
		2EB5254818B647DE00411BF1 /* Main_iPad.storyboard */ = {
			isa = PBXVariantGroup;
			children = (
				2EB5254918B647DE00411BF1 /* Base */,
			);
			name = Main_iPad.storyboard;
			sourceTree = "<group>";
		};
		2EB5255E18B647DE00411BF1 /* InfoPlist.strings */ = {
			isa = PBXVariantGroup;
			children = (
				2EB5255F18B647DE00411BF1 /* en */,
			);
			name = InfoPlist.strings;
			sourceTree = "<group>";
		};
/* End PBXVariantGroup section */

/* Begin XCBuildConfiguration section */
		2E51D94818B7BB78009F7275 /* Debug */ = {
			isa = XCBuildConfiguration;
			buildSettings = {
				ARCHS = "$(ARCHS_STANDARD_INCLUDING_64_BIT)";
				DSTROOT = /tmp/MRAUI.dst;
				GCC_PRECOMPILE_PREFIX_HEADER = YES;
				GCC_PREFIX_HEADER = "MRAUI/MRAUI-Prefix.pch";
				GCC_PREPROCESSOR_DEFINITIONS = (
					"DEBUG=1",
					"$(inherited)",
				);
				OTHER_LDFLAGS = "-ObjC";
				PRODUCT_NAME = "$(TARGET_NAME)";
				SKIP_INSTALL = YES;
			};
			name = Debug;
		};
		2E51D94918B7BB78009F7275 /* Release */ = {
			isa = XCBuildConfiguration;
			buildSettings = {
				ARCHS = "$(ARCHS_STANDARD_INCLUDING_64_BIT)";
				DSTROOT = /tmp/MRAUI.dst;
				GCC_PRECOMPILE_PREFIX_HEADER = YES;
				GCC_PREFIX_HEADER = "MRAUI/MRAUI-Prefix.pch";
				OTHER_LDFLAGS = "-ObjC";
				PRODUCT_NAME = "$(TARGET_NAME)";
				SKIP_INSTALL = YES;
			};
			name = Release;
		};
		2E51D94A18B7BB78009F7275 /* Debug */ = {
			isa = XCBuildConfiguration;
			buildSettings = {
				ARCHS = "$(ARCHS_STANDARD_INCLUDING_64_BIT)";
				BUNDLE_LOADER = "$(BUILT_PRODUCTS_DIR)/MRA-UI.app/MRA-UI";
				FRAMEWORK_SEARCH_PATHS = (
					"$(SDKROOT)/Developer/Library/Frameworks",
					"$(inherited)",
					"$(DEVELOPER_FRAMEWORKS_DIR)",
				);
				GCC_PRECOMPILE_PREFIX_HEADER = YES;
				GCC_PREFIX_HEADER = "MRAUI/MRAUI-Prefix.pch";
				GCC_PREPROCESSOR_DEFINITIONS = (
					"DEBUG=1",
					"$(inherited)",
				);
				INFOPLIST_FILE = "MRAUITests/MRAUITests-Info.plist";
				PRODUCT_NAME = "$(TARGET_NAME)";
				TEST_HOST = "$(BUNDLE_LOADER)";
				WRAPPER_EXTENSION = xctest;
			};
			name = Debug;
		};
		2E51D94B18B7BB78009F7275 /* Release */ = {
			isa = XCBuildConfiguration;
			buildSettings = {
				ARCHS = "$(ARCHS_STANDARD_INCLUDING_64_BIT)";
				BUNDLE_LOADER = "$(BUILT_PRODUCTS_DIR)/MRA-UI.app/MRA-UI";
				FRAMEWORK_SEARCH_PATHS = (
					"$(SDKROOT)/Developer/Library/Frameworks",
					"$(inherited)",
					"$(DEVELOPER_FRAMEWORKS_DIR)",
				);
				GCC_PRECOMPILE_PREFIX_HEADER = YES;
				GCC_PREFIX_HEADER = "MRAUI/MRAUI-Prefix.pch";
				INFOPLIST_FILE = "MRAUITests/MRAUITests-Info.plist";
				PRODUCT_NAME = "$(TARGET_NAME)";
				TEST_HOST = "$(BUNDLE_LOADER)";
				WRAPPER_EXTENSION = xctest;
			};
			name = Release;
		};
		2EB5256318B647DE00411BF1 /* Debug */ = {
			isa = XCBuildConfiguration;
			buildSettings = {
				ALWAYS_SEARCH_USER_PATHS = NO;
				ARCHS = "$(ARCHS_STANDARD_INCLUDING_64_BIT)";
				CLANG_CXX_LANGUAGE_STANDARD = "gnu++0x";
				CLANG_CXX_LIBRARY = "libc++";
				CLANG_ENABLE_MODULES = YES;
				CLANG_ENABLE_OBJC_ARC = YES;
				CLANG_WARN_BOOL_CONVERSION = YES;
				CLANG_WARN_CONSTANT_CONVERSION = YES;
				CLANG_WARN_DIRECT_OBJC_ISA_USAGE = YES_ERROR;
				CLANG_WARN_EMPTY_BODY = YES;
				CLANG_WARN_ENUM_CONVERSION = YES;
				CLANG_WARN_INT_CONVERSION = YES;
				CLANG_WARN_OBJC_ROOT_CLASS = YES_ERROR;
				CLANG_WARN__DUPLICATE_METHOD_MATCH = YES;
				"CODE_SIGN_IDENTITY[sdk=iphoneos*]" = "iPhone Developer";
				COPY_PHASE_STRIP = NO;
				GCC_C_LANGUAGE_STANDARD = gnu99;
				GCC_DYNAMIC_NO_PIC = NO;
				GCC_OPTIMIZATION_LEVEL = 0;
				GCC_PREPROCESSOR_DEFINITIONS = (
					"DEBUG=1",
					"$(inherited)",
				);
				GCC_SYMBOLS_PRIVATE_EXTERN = NO;
				GCC_WARN_64_TO_32_BIT_CONVERSION = YES;
				GCC_WARN_ABOUT_RETURN_TYPE = YES_ERROR;
				GCC_WARN_UNDECLARED_SELECTOR = YES;
				GCC_WARN_UNINITIALIZED_AUTOS = YES;
				GCC_WARN_UNUSED_FUNCTION = YES;
				GCC_WARN_UNUSED_VARIABLE = YES;
				IPHONEOS_DEPLOYMENT_TARGET = 7.0;
				ONLY_ACTIVE_ARCH = YES;
				SDKROOT = iphoneos;
				TARGETED_DEVICE_FAMILY = "1,2";
			};
			name = Debug;
		};
		2EB5256418B647DE00411BF1 /* Release */ = {
			isa = XCBuildConfiguration;
			buildSettings = {
				ALWAYS_SEARCH_USER_PATHS = NO;
				ARCHS = "$(ARCHS_STANDARD_INCLUDING_64_BIT)";
				CLANG_CXX_LANGUAGE_STANDARD = "gnu++0x";
				CLANG_CXX_LIBRARY = "libc++";
				CLANG_ENABLE_MODULES = YES;
				CLANG_ENABLE_OBJC_ARC = YES;
				CLANG_WARN_BOOL_CONVERSION = YES;
				CLANG_WARN_CONSTANT_CONVERSION = YES;
				CLANG_WARN_DIRECT_OBJC_ISA_USAGE = YES_ERROR;
				CLANG_WARN_EMPTY_BODY = YES;
				CLANG_WARN_ENUM_CONVERSION = YES;
				CLANG_WARN_INT_CONVERSION = YES;
				CLANG_WARN_OBJC_ROOT_CLASS = YES_ERROR;
				CLANG_WARN__DUPLICATE_METHOD_MATCH = YES;
				"CODE_SIGN_IDENTITY[sdk=iphoneos*]" = "iPhone Developer";
				COPY_PHASE_STRIP = YES;
				ENABLE_NS_ASSERTIONS = NO;
				GCC_C_LANGUAGE_STANDARD = gnu99;
				GCC_WARN_64_TO_32_BIT_CONVERSION = YES;
				GCC_WARN_ABOUT_RETURN_TYPE = YES_ERROR;
				GCC_WARN_UNDECLARED_SELECTOR = YES;
				GCC_WARN_UNINITIALIZED_AUTOS = YES;
				GCC_WARN_UNUSED_FUNCTION = YES;
				GCC_WARN_UNUSED_VARIABLE = YES;
				IPHONEOS_DEPLOYMENT_TARGET = 7.0;
				SDKROOT = iphoneos;
				TARGETED_DEVICE_FAMILY = "1,2";
				VALIDATE_PRODUCT = YES;
			};
			name = Release;
		};
		2EB5256618B647DE00411BF1 /* Debug */ = {
			isa = XCBuildConfiguration;
			buildSettings = {
				ASSETCATALOG_COMPILER_APPICON_NAME = AppIcon;
				ASSETCATALOG_COMPILER_LAUNCHIMAGE_NAME = LaunchImage;
				GCC_PRECOMPILE_PREFIX_HEADER = YES;
				GCC_PREFIX_HEADER = "MRA-UI/MRA-UI-Prefix.pch";
				INFOPLIST_FILE = "MRA-UI/MRA-UI-Info.plist";
				PRODUCT_NAME = "$(TARGET_NAME)";
				WRAPPER_EXTENSION = app;
			};
			name = Debug;
		};
		2EB5256718B647DE00411BF1 /* Release */ = {
			isa = XCBuildConfiguration;
			buildSettings = {
				ASSETCATALOG_COMPILER_APPICON_NAME = AppIcon;
				ASSETCATALOG_COMPILER_LAUNCHIMAGE_NAME = LaunchImage;
				GCC_PRECOMPILE_PREFIX_HEADER = YES;
				GCC_PREFIX_HEADER = "MRA-UI/MRA-UI-Prefix.pch";
				INFOPLIST_FILE = "MRA-UI/MRA-UI-Info.plist";
				PRODUCT_NAME = "$(TARGET_NAME)";
				WRAPPER_EXTENSION = app;
			};
			name = Release;
		};
		2EB5256918B647DE00411BF1 /* Debug */ = {
			isa = XCBuildConfiguration;
			buildSettings = {
				ARCHS = "$(ARCHS_STANDARD_INCLUDING_64_BIT)";
				BUNDLE_LOADER = "$(BUILT_PRODUCTS_DIR)/MRA-UI.app/MRA-UI";
				FRAMEWORK_SEARCH_PATHS = (
					"$(SDKROOT)/Developer/Library/Frameworks",
					"$(inherited)",
					"$(DEVELOPER_FRAMEWORKS_DIR)",
				);
				GCC_PRECOMPILE_PREFIX_HEADER = YES;
				GCC_PREFIX_HEADER = "MRA-UI/MRA-UI-Prefix.pch";
				GCC_PREPROCESSOR_DEFINITIONS = (
					"DEBUG=1",
					"$(inherited)",
				);
				INFOPLIST_FILE = "MRA-UITests/MRA-UITests-Info.plist";
				PRODUCT_NAME = "$(TARGET_NAME)";
				TEST_HOST = "$(BUNDLE_LOADER)";
				WRAPPER_EXTENSION = xctest;
			};
			name = Debug;
		};
		2EB5256A18B647DE00411BF1 /* Release */ = {
			isa = XCBuildConfiguration;
			buildSettings = {
				ARCHS = "$(ARCHS_STANDARD_INCLUDING_64_BIT)";
				BUNDLE_LOADER = "$(BUILT_PRODUCTS_DIR)/MRA-UI.app/MRA-UI";
				FRAMEWORK_SEARCH_PATHS = (
					"$(SDKROOT)/Developer/Library/Frameworks",
					"$(inherited)",
					"$(DEVELOPER_FRAMEWORKS_DIR)",
				);
				GCC_PRECOMPILE_PREFIX_HEADER = YES;
				GCC_PREFIX_HEADER = "MRA-UI/MRA-UI-Prefix.pch";
				INFOPLIST_FILE = "MRA-UITests/MRA-UITests-Info.plist";
				PRODUCT_NAME = "$(TARGET_NAME)";
				TEST_HOST = "$(BUNDLE_LOADER)";
				WRAPPER_EXTENSION = xctest;
			};
			name = Release;
		};
/* End XCBuildConfiguration section */

/* Begin XCConfigurationList section */
		2E51D94C18B7BB78009F7275 /* Build configuration list for PBXNativeTarget "MRAUI" */ = {
			isa = XCConfigurationList;
			buildConfigurations = (
				2E51D94818B7BB78009F7275 /* Debug */,
				2E51D94918B7BB78009F7275 /* Release */,
			);
			defaultConfigurationIsVisible = 0;
		};
		2E51D94D18B7BB78009F7275 /* Build configuration list for PBXNativeTarget "MRAUITests" */ = {
			isa = XCConfigurationList;
			buildConfigurations = (
				2E51D94A18B7BB78009F7275 /* Debug */,
				2E51D94B18B7BB78009F7275 /* Release */,
			);
			defaultConfigurationIsVisible = 0;
		};
		2EB5252B18B647DE00411BF1 /* Build configuration list for PBXProject "MRA-UI" */ = {
			isa = XCConfigurationList;
			buildConfigurations = (
				2EB5256318B647DE00411BF1 /* Debug */,
				2EB5256418B647DE00411BF1 /* Release */,
			);
			defaultConfigurationIsVisible = 0;
			defaultConfigurationName = Release;
		};
		2EB5256518B647DE00411BF1 /* Build configuration list for PBXNativeTarget "MRA-UI" */ = {
			isa = XCConfigurationList;
			buildConfigurations = (
				2EB5256618B647DE00411BF1 /* Debug */,
				2EB5256718B647DE00411BF1 /* Release */,
			);
			defaultConfigurationIsVisible = 0;
			defaultConfigurationName = Release;
		};
		2EB5256818B647DE00411BF1 /* Build configuration list for PBXNativeTarget "MRA-UITests" */ = {
			isa = XCConfigurationList;
			buildConfigurations = (
				2EB5256918B647DE00411BF1 /* Debug */,
				2EB5256A18B647DE00411BF1 /* Release */,
			);
			defaultConfigurationIsVisible = 0;
			defaultConfigurationName = Release;
		};
/* End XCConfigurationList section */
	};
	rootObject = 2EB5252818B647DE00411BF1 /* Project object */;
}
